
Microsoft Visual Studio Solution File, Format Version 12.00
# Visual Studio Version 17
VisualStudioVersion = 17.3.32901.215
MinimumVisualStudioVersion = 10.0.40219.1
Project("{FAE04EC0-301F-11D3-BF4B-00C04F79EFBC}") = "yarış_304", "yarış_304\yarış_304.csproj", "{221B1158-E9EC-47DB-93B6-84526813A2F0}"
EndProject
Global
	GlobalSection(SolutionConfigurationPlatforms) = preSolution
		Debug|Any CPU = Debug|Any CPU
		Release|Any CPU = Release|Any CPU
	EndGlobalSection
	GlobalSection(ProjectConfigurationPlatforms) = postSolution
		{221B1158-E9EC-47DB-93B6-84526813A2F0}.Debug|Any CPU.ActiveCfg = Debug|Any CPU
		{221B1158-E9EC-47DB-93B6-84526813A2F0}.Debug|Any CPU.Build.0 = Debug|Any CPU
		{221B1158-E9EC-47DB-93B6-84526813A2F0}.Release|Any CPU.ActiveCfg = Release|Any CPU
		{221B1158-E9EC-47DB-93B6-84526813A2F0}.Release|Any CPU.Build.0 = Release|Any CPU
	EndGlobalSection
	GlobalSection(SolutionProperties) = preSolution
		HideSolutionNode = FALSE
	EndGlobalSection
	GlobalSection(ExtensibilityGlobals) = postSolution
		SolutionGuid = {C11DCBF7-B0BC-4FB7-8356-B83C194A64B2}
	EndGlobalSection
EndGlobal
